// !$*UTF8*$!
{
	archiveVersion = 1;
	classes = {
	};
	objectVersion = 55;
	objects = {

/* Begin PBXBuildFile section */
		EF8C4E1F289A55480062735C /* AppDelegate.swift in Sources */ = {isa = PBXBuildFile; fileRef = EF8C4E1E289A55480062735C /* AppDelegate.swift */; };
		EF8C4E21289A55480062735C /* SceneDelegate.swift in Sources */ = {isa = PBXBuildFile; fileRef = EF8C4E20289A55480062735C /* SceneDelegate.swift */; };
		EF8C4E23289A55480062735C /* ViewController.swift in Sources */ = {isa = PBXBuildFile; fileRef = EF8C4E22289A55480062735C /* ViewController.swift */; };
		EF8C4E26289A55480062735C /* Main.storyboard in Resources */ = {isa = PBXBuildFile; fileRef = EF8C4E24289A55480062735C /* Main.storyboard */; };
		EF8C4E29289A55480062735C /* LeBonCoingCopaing.xcdatamodeld in Sources */ = {isa = PBXBuildFile; fileRef = EF8C4E27289A55480062735C /* LeBonCoingCopaing.xcdatamodeld */; };
		EF8C4E2B289A554A0062735C /* Assets.xcassets in Resources */ = {isa = PBXBuildFile; fileRef = EF8C4E2A289A554A0062735C /* Assets.xcassets */; };
		EF8C4E2E289A554A0062735C /* LaunchScreen.storyboard in Resources */ = {isa = PBXBuildFile; fileRef = EF8C4E2C289A554A0062735C /* LaunchScreen.storyboard */; };
		EF8C4E39289A554A0062735C /* LeBonCoingCopaingTests.swift in Sources */ = {isa = PBXBuildFile; fileRef = EF8C4E38289A554A0062735C /* LeBonCoingCopaingTests.swift */; };
		EF8C4E43289A554A0062735C /* LeBonCoingCopaingUITests.swift in Sources */ = {isa = PBXBuildFile; fileRef = EF8C4E42289A554A0062735C /* LeBonCoingCopaingUITests.swift */; };
		EF8C4E45289A554A0062735C /* LeBonCoingCopaingUITestsLaunchTests.swift in Sources */ = {isa = PBXBuildFile; fileRef = EF8C4E44289A554A0062735C /* LeBonCoingCopaingUITestsLaunchTests.swift */; };
/* End PBXBuildFile section */

/* Begin PBXContainerItemProxy section */
		EF8C4E35289A554A0062735C /* PBXContainerItemProxy */ = {
			isa = PBXContainerItemProxy;
			containerPortal = EF8C4E13289A55480062735C /* Project object */;
			proxyType = 1;
			remoteGlobalIDString = EF8C4E1A289A55480062735C;
			remoteInfo = LeBonCoingCopaing;
		};
		EF8C4E3F289A554A0062735C /* PBXContainerItemProxy */ = {
			isa = PBXContainerItemProxy;
			containerPortal = EF8C4E13289A55480062735C /* Project object */;
			proxyType = 1;
			remoteGlobalIDString = EF8C4E1A289A55480062735C;
			remoteInfo = LeBonCoingCopaing;
		};
/* End PBXContainerItemProxy section */

/* Begin PBXFileReference section */
		EF8C4E1B289A55480062735C /* LeBonCoingCopaing.app */ = {isa = PBXFileReference; explicitFileType = wrapper.application; includeInIndex = 0; path = LeBonCoingCopaing.app; sourceTree = BUILT_PRODUCTS_DIR; };
		EF8C4E1E289A55480062735C /* AppDelegate.swift */ = {isa = PBXFileReference; lastKnownFileType = sourcecode.swift; path = AppDelegate.swift; sourceTree = "<group>"; };
		EF8C4E20289A55480062735C /* SceneDelegate.swift */ = {isa = PBXFileReference; lastKnownFileType = sourcecode.swift; path = SceneDelegate.swift; sourceTree = "<group>"; };
		EF8C4E22289A55480062735C /* ViewController.swift */ = {isa = PBXFileReference; lastKnownFileType = sourcecode.swift; path = ViewController.swift; sourceTree = "<group>"; };
		EF8C4E25289A55480062735C /* Base */ = {isa = PBXFileReference; lastKnownFileType = file.storyboard; name = Base; path = Base.lproj/Main.storyboard; sourceTree = "<group>"; };
		EF8C4E28289A55480062735C /* LeBonCoingCopaing.xcdatamodel */ = {isa = PBXFileReference; lastKnownFileType = wrapper.xcdatamodel; path = LeBonCoingCopaing.xcdatamodel; sourceTree = "<group>"; };
		EF8C4E2A289A554A0062735C /* Assets.xcassets */ = {isa = PBXFileReference; lastKnownFileType = folder.assetcatalog; path = Assets.xcassets; sourceTree = "<group>"; };
		EF8C4E2D289A554A0062735C /* Base */ = {isa = PBXFileReference; lastKnownFileType = file.storyboard; name = Base; path = Base.lproj/LaunchScreen.storyboard; sourceTree = "<group>"; };
		EF8C4E2F289A554A0062735C /* Info.plist */ = {isa = PBXFileReference; lastKnownFileType = text.plist.xml; path = Info.plist; sourceTree = "<group>"; };
		EF8C4E34289A554A0062735C /* LeBonCoingCopaingTests.xctest */ = {isa = PBXFileReference; explicitFileType = wrapper.cfbundle; includeInIndex = 0; path = LeBonCoingCopaingTests.xctest; sourceTree = BUILT_PRODUCTS_DIR; };
		EF8C4E38289A554A0062735C /* LeBonCoingCopaingTests.swift */ = {isa = PBXFileReference; lastKnownFileType = sourcecode.swift; path = LeBonCoingCopaingTests.swift; sourceTree = "<group>"; };
		EF8C4E3E289A554A0062735C /* LeBonCoingCopaingUITests.xctest */ = {isa = PBXFileReference; explicitFileType = wrapper.cfbundle; includeInIndex = 0; path = LeBonCoingCopaingUITests.xctest; sourceTree = BUILT_PRODUCTS_DIR; };
		EF8C4E42289A554A0062735C /* LeBonCoingCopaingUITests.swift */ = {isa = PBXFileReference; lastKnownFileType = sourcecode.swift; path = LeBonCoingCopaingUITests.swift; sourceTree = "<group>"; };
		EF8C4E44289A554A0062735C /* LeBonCoingCopaingUITestsLaunchTests.swift */ = {isa = PBXFileReference; lastKnownFileType = sourcecode.swift; path = LeBonCoingCopaingUITestsLaunchTests.swift; sourceTree = "<group>"; };
/* End PBXFileReference section */

/* Begin PBXFrameworksBuildPhase section */
		EF8C4E18289A55480062735C /* Frameworks */ = {
			isa = PBXFrameworksBuildPhase;
			buildActionMask = 2147483647;
			files = (
			);
			runOnlyForDeploymentPostprocessing = 0;
		};
		EF8C4E31289A554A0062735C /* Frameworks */ = {
			isa = PBXFrameworksBuildPhase;
			buildActionMask = 2147483647;
			files = (
			);
			runOnlyForDeploymentPostprocessing = 0;
		};
		EF8C4E3B289A554A0062735C /* Frameworks */ = {
			isa = PBXFrameworksBuildPhase;
			buildActionMask = 2147483647;
			files = (
			);
			runOnlyForDeploymentPostprocessing = 0;
		};
/* End PBXFrameworksBuildPhase section */

/* Begin PBXGroup section */
		EF8C4E12289A55480062735C = {
			isa = PBXGroup;
			children = (
				EF8C4E1D289A55480062735C /* LeBonCoingCopaing */,
				EF8C4E37289A554A0062735C /* LeBonCoingCopaingTests */,
				EF8C4E41289A554A0062735C /* LeBonCoingCopaingUITests */,
				EF8C4E1C289A55480062735C /* Products */,
			);
			sourceTree = "<group>";
		};
		EF8C4E1C289A55480062735C /* Products */ = {
			isa = PBXGroup;
			children = (
				EF8C4E1B289A55480062735C /* LeBonCoingCopaing.app */,
				EF8C4E34289A554A0062735C /* LeBonCoingCopaingTests.xctest */,
				EF8C4E3E289A554A0062735C /* LeBonCoingCopaingUITests.xctest */,
			);
			name = Products;
			sourceTree = "<group>";
		};
		EF8C4E1D289A55480062735C /* LeBonCoingCopaing */ = {
			isa = PBXGroup;
			children = (
				EF8C4E1E289A55480062735C /* AppDelegate.swift */,
				EF8C4E20289A55480062735C /* SceneDelegate.swift */,
				EF8C4E22289A55480062735C /* ViewController.swift */,
				EF8C4E24289A55480062735C /* Main.storyboard */,
				EF8C4E2A289A554A0062735C /* Assets.xcassets */,
				EF8C4E2C289A554A0062735C /* LaunchScreen.storyboard */,
				EF8C4E2F289A554A0062735C /* Info.plist */,
				EF8C4E27289A55480062735C /* LeBonCoingCopaing.xcdatamodeld */,
			);
			path = LeBonCoingCopaing;
			sourceTree = "<group>";
		};
		EF8C4E37289A554A0062735C /* LeBonCoingCopaingTests */ = {
			isa = PBXGroup;
			children = (
				EF8C4E38289A554A0062735C /* LeBonCoingCopaingTests.swift */,
			);
			path = LeBonCoingCopaingTests;
			sourceTree = "<group>";
		};
		EF8C4E41289A554A0062735C /* LeBonCoingCopaingUITests */ = {
			isa = PBXGroup;
			children = (
				EF8C4E42289A554A0062735C /* LeBonCoingCopaingUITests.swift */,
				EF8C4E44289A554A0062735C /* LeBonCoingCopaingUITestsLaunchTests.swift */,
			);
			path = LeBonCoingCopaingUITests;
			sourceTree = "<group>";
		};
/* End PBXGroup section */

/* Begin PBXNativeTarget section */
		EF8C4E1A289A55480062735C /* LeBonCoingCopaing */ = {
			isa = PBXNativeTarget;
			buildConfigurationList = EF8C4E48289A554A0062735C /* Build configuration list for PBXNativeTarget "LeBonCoingCopaing" */;
			buildPhases = (
				EF8C4E17289A55480062735C /* Sources */,
				EF8C4E18289A55480062735C /* Frameworks */,
				EF8C4E19289A55480062735C /* Resources */,
			);
			buildRules = (
			);
			dependencies = (
			);
			name = LeBonCoingCopaing;
			productName = LeBonCoingCopaing;
			productReference = EF8C4E1B289A55480062735C /* LeBonCoingCopaing.app */;
			productType = "com.apple.product-type.application";
		};
		EF8C4E33289A554A0062735C /* LeBonCoingCopaingTests */ = {
			isa = PBXNativeTarget;
			buildConfigurationList = EF8C4E4B289A554A0062735C /* Build configuration list for PBXNativeTarget "LeBonCoingCopaingTests" */;
			buildPhases = (
				EF8C4E30289A554A0062735C /* Sources */,
				EF8C4E31289A554A0062735C /* Frameworks */,
				EF8C4E32289A554A0062735C /* Resources */,
			);
			buildRules = (
			);
			dependencies = (
				EF8C4E36289A554A0062735C /* PBXTargetDependency */,
			);
			name = LeBonCoingCopaingTests;
			productName = LeBonCoingCopaingTests;
			productReference = EF8C4E34289A554A0062735C /* LeBonCoingCopaingTests.xctest */;
			productType = "com.apple.product-type.bundle.unit-test";
		};
		EF8C4E3D289A554A0062735C /* LeBonCoingCopaingUITests */ = {
			isa = PBXNativeTarget;
			buildConfigurationList = EF8C4E4E289A554A0062735C /* Build configuration list for PBXNativeTarget "LeBonCoingCopaingUITests" */;
			buildPhases = (
				EF8C4E3A289A554A0062735C /* Sources */,
				EF8C4E3B289A554A0062735C /* Frameworks */,
				EF8C4E3C289A554A0062735C /* Resources */,
			);
			buildRules = (
			);
			dependencies = (
				EF8C4E40289A554A0062735C /* PBXTargetDependency */,
			);
			name = LeBonCoingCopaingUITests;
			productName = LeBonCoingCopaingUITests;
			productReference = EF8C4E3E289A554A0062735C /* LeBonCoingCopaingUITests.xctest */;
			productType = "com.apple.product-type.bundle.ui-testing";
		};
/* End PBXNativeTarget section */

/* Begin PBXProject section */
		EF8C4E13289A55480062735C /* Project object */ = {
			isa = PBXProject;
			attributes = {
				BuildIndependentTargetsInParallel = 1;
				LastSwiftUpdateCheck = 1340;
				LastUpgradeCheck = 1340;
				TargetAttributes = {
					EF8C4E1A289A55480062735C = {
						CreatedOnToolsVersion = 13.4.1;
					};
					EF8C4E33289A554A0062735C = {
						CreatedOnToolsVersion = 13.4.1;
						TestTargetID = EF8C4E1A289A55480062735C;
					};
					EF8C4E3D289A554A0062735C = {
						CreatedOnToolsVersion = 13.4.1;
						TestTargetID = EF8C4E1A289A55480062735C;
					};
				};
			};
			buildConfigurationList = EF8C4E16289A55480062735C /* Build configuration list for PBXProject "LeBonCoingCopaing" */;
			compatibilityVersion = "Xcode 13.0";
			developmentRegion = en;
			hasScannedForEncodings = 0;
			knownRegions = (
				en,
				Base,
			);
			mainGroup = EF8C4E12289A55480062735C;
			productRefGroup = EF8C4E1C289A55480062735C /* Products */;
			projectDirPath = "";
			projectRoot = "";
			targets = (
				EF8C4E1A289A55480062735C /* LeBonCoingCopaing */,
				EF8C4E33289A554A0062735C /* LeBonCoingCopaingTests */,
				EF8C4E3D289A554A0062735C /* LeBonCoingCopaingUITests */,
			);
		};
/* End PBXProject section */

/* Begin PBXResourcesBuildPhase section */
		EF8C4E19289A55480062735C /* Resources */ = {
			isa = PBXResourcesBuildPhase;
			buildActionMask = 2147483647;
			files = (
				EF8C4E2E289A554A0062735C /* LaunchScreen.storyboard in Resources */,
				EF8C4E2B289A554A0062735C /* Assets.xcassets in Resources */,
				EF8C4E26289A55480062735C /* Main.storyboard in Resources */,
			);
			runOnlyForDeploymentPostprocessing = 0;
		};
		EF8C4E32289A554A0062735C /* Resources */ = {
			isa = PBXResourcesBuildPhase;
			buildActionMask = 2147483647;
			files = (
			);
			runOnlyForDeploymentPostprocessing = 0;
		};
		EF8C4E3C289A554A0062735C /* Resources */ = {
			isa = PBXResourcesBuildPhase;
			buildActionMask = 2147483647;
			files = (
			);
			runOnlyForDeploymentPostprocessing = 0;
		};
/* End PBXResourcesBuildPhase section */

/* Begin PBXSourcesBuildPhase section */
		EF8C4E17289A55480062735C /* Sources */ = {
			isa = PBXSourcesBuildPhase;
			buildActionMask = 2147483647;
			files = (
				EF8C4E23289A55480062735C /* ViewController.swift in Sources */,
				EF8C4E1F289A55480062735C /* AppDelegate.swift in Sources */,
				EF8C4E21289A55480062735C /* SceneDelegate.swift in Sources */,
				EF8C4E29289A55480062735C /* LeBonCoingCopaing.xcdatamodeld in Sources */,
			);
			runOnlyForDeploymentPostprocessing = 0;
		};
		EF8C4E30289A554A0062735C /* Sources */ = {
			isa = PBXSourcesBuildPhase;
			buildActionMask = 2147483647;
			files = (
				EF8C4E39289A554A0062735C /* LeBonCoingCopaingTests.swift in Sources */,
			);
			runOnlyForDeploymentPostprocessing = 0;
		};
		EF8C4E3A289A554A0062735C /* Sources */ = {
			isa = PBXSourcesBuildPhase;
			buildActionMask = 2147483647;
			files = (
				EF8C4E45289A554A0062735C /* LeBonCoingCopaingUITestsLaunchTests.swift in Sources */,
				EF8C4E43289A554A0062735C /* LeBonCoingCopaingUITests.swift in Sources */,
			);
			runOnlyForDeploymentPostprocessing = 0;
		};
/* End PBXSourcesBuildPhase section */

/* Begin PBXTargetDependency section */
		EF8C4E36289A554A0062735C /* PBXTargetDependency */ = {
			isa = PBXTargetDependency;
			target = EF8C4E1A289A55480062735C /* LeBonCoingCopaing */;
			targetProxy = EF8C4E35289A554A0062735C /* PBXContainerItemProxy */;
		};
		EF8C4E40289A554A0062735C /* PBXTargetDependency */ = {
			isa = PBXTargetDependency;
			target = EF8C4E1A289A55480062735C /* LeBonCoingCopaing */;
			targetProxy = EF8C4E3F289A554A0062735C /* PBXContainerItemProxy */;
		};
/* End PBXTargetDependency section */

/* Begin PBXVariantGroup section */
		EF8C4E24289A55480062735C /* Main.storyboard */ = {
			isa = PBXVariantGroup;
			children = (
				EF8C4E25289A55480062735C /* Base */,
			);
			name = Main.storyboard;
			sourceTree = "<group>";
		};
		EF8C4E2C289A554A0062735C /* LaunchScreen.storyboard */ = {
			isa = PBXVariantGroup;
			children = (
				EF8C4E2D289A554A0062735C /* Base */,
			);
			name = LaunchScreen.storyboard;
			sourceTree = "<group>";
		};
/* End PBXVariantGroup section */

/* Begin XCBuildConfiguration section */
		EF8C4E46289A554A0062735C /* Debug */ = {
			isa = XCBuildConfiguration;
			buildSettings = {
				ALWAYS_SEARCH_USER_PATHS = NO;
				CLANG_ANALYZER_NONNULL = YES;
				CLANG_ANALYZER_NUMBER_OBJECT_CONVERSION = YES_AGGRESSIVE;
				CLANG_CXX_LANGUAGE_STANDARD = "gnu++17";
				CLANG_ENABLE_MODULES = YES;
				CLANG_ENABLE_OBJC_ARC = YES;
				CLANG_ENABLE_OBJC_WEAK = YES;
				CLANG_WARN_BLOCK_CAPTURE_AUTORELEASING = YES;
				CLANG_WARN_BOOL_CONVERSION = YES;
				CLANG_WARN_COMMA = YES;
				CLANG_WARN_CONSTANT_CONVERSION = YES;
				CLANG_WARN_DEPRECATED_OBJC_IMPLEMENTATIONS = YES;
				CLANG_WARN_DIRECT_OBJC_ISA_USAGE = YES_ERROR;
				CLANG_WARN_DOCUMENTATION_COMMENTS = YES;
				CLANG_WARN_EMPTY_BODY = YES;
				CLANG_WARN_ENUM_CONVERSION = YES;
				CLANG_WARN_INFINITE_RECURSION = YES;
				CLANG_WARN_INT_CONVERSION = YES;
				CLANG_WARN_NON_LITERAL_NULL_CONVERSION = YES;
				CLANG_WARN_OBJC_IMPLICIT_RETAIN_SELF = YES;
				CLANG_WARN_OBJC_LITERAL_CONVERSION = YES;
				CLANG_WARN_OBJC_ROOT_CLASS = YES_ERROR;
				CLANG_WARN_QUOTED_INCLUDE_IN_FRAMEWORK_HEADER = YES;
				CLANG_WARN_RANGE_LOOP_ANALYSIS = YES;
				CLANG_WARN_STRICT_PROTOTYPES = YES;
				CLANG_WARN_SUSPICIOUS_MOVE = YES;
				CLANG_WARN_UNGUARDED_AVAILABILITY = YES_AGGRESSIVE;
				CLANG_WARN_UNREACHABLE_CODE = YES;
				CLANG_WARN__DUPLICATE_METHOD_MATCH = YES;
				COPY_PHASE_STRIP = NO;
				DEBUG_INFORMATION_FORMAT = dwarf;
				ENABLE_STRICT_OBJC_MSGSEND = YES;
				ENABLE_TESTABILITY = YES;
				GCC_C_LANGUAGE_STANDARD = gnu11;
				GCC_DYNAMIC_NO_PIC = NO;
				GCC_NO_COMMON_BLOCKS = YES;
				GCC_OPTIMIZATION_LEVEL = 0;
				GCC_PREPROCESSOR_DEFINITIONS = (
					"DEBUG=1",
					"$(inherited)",
				);
				GCC_WARN_64_TO_32_BIT_CONVERSION = YES;
				GCC_WARN_ABOUT_RETURN_TYPE = YES_ERROR;
				GCC_WARN_UNDECLARED_SELECTOR = YES;
				GCC_WARN_UNINITIALIZED_AUTOS = YES_AGGRESSIVE;
				GCC_WARN_UNUSED_FUNCTION = YES;
				GCC_WARN_UNUSED_VARIABLE = YES;
				IPHONEOS_DEPLOYMENT_TARGET = 15.5;
				MTL_ENABLE_DEBUG_INFO = INCLUDE_SOURCE;
				MTL_FAST_MATH = YES;
				ONLY_ACTIVE_ARCH = YES;
				SDKROOT = iphoneos;
				SWIFT_ACTIVE_COMPILATION_CONDITIONS = DEBUG;
				SWIFT_OPTIMIZATION_LEVEL = "-Onone";
			};
			name = Debug;
		};
		EF8C4E47289A554A0062735C /* Release */ = {
			isa = XCBuildConfiguration;
			buildSettings = {
				ALWAYS_SEARCH_USER_PATHS = NO;
				CLANG_ANALYZER_NONNULL = YES;
				CLANG_ANALYZER_NUMBER_OBJECT_CONVERSION = YES_AGGRESSIVE;
				CLANG_CXX_LANGUAGE_STANDARD = "gnu++17";
				CLANG_ENABLE_MODULES = YES;
				CLANG_ENABLE_OBJC_ARC = YES;
				CLANG_ENABLE_OBJC_WEAK = YES;
				CLANG_WARN_BLOCK_CAPTURE_AUTORELEASING = YES;
				CLANG_WARN_BOOL_CONVERSION = YES;
				CLANG_WARN_COMMA = YES;
				CLANG_WARN_CONSTANT_CONVERSION = YES;
				CLANG_WARN_DEPRECATED_OBJC_IMPLEMENTATIONS = YES;
				CLANG_WARN_DIRECT_OBJC_ISA_USAGE = YES_ERROR;
				CLANG_WARN_DOCUMENTATION_COMMENTS = YES;
				CLANG_WARN_EMPTY_BODY = YES;
				CLANG_WARN_ENUM_CONVERSION = YES;
				CLANG_WARN_INFINITE_RECURSION = YES;
				CLANG_WARN_INT_CONVERSION = YES;
				CLANG_WARN_NON_LITERAL_NULL_CONVERSION = YES;
				CLANG_WARN_OBJC_IMPLICIT_RETAIN_SELF = YES;
				CLANG_WARN_OBJC_LITERAL_CONVERSION = YES;
				CLANG_WARN_OBJC_ROOT_CLASS = YES_ERROR;
				CLANG_WARN_QUOTED_INCLUDE_IN_FRAMEWORK_HEADER = YES;
				CLANG_WARN_RANGE_LOOP_ANALYSIS = YES;
				CLANG_WARN_STRICT_PROTOTYPES = YES;
				CLANG_WARN_SUSPICIOUS_MOVE = YES;
				CLANG_WARN_UNGUARDED_AVAILABILITY = YES_AGGRESSIVE;
				CLANG_WARN_UNREACHABLE_CODE = YES;
				CLANG_WARN__DUPLICATE_METHOD_MATCH = YES;
				COPY_PHASE_STRIP = NO;
				DEBUG_INFORMATION_FORMAT = "dwarf-with-dsym";
				ENABLE_NS_ASSERTIONS = NO;
				ENABLE_STRICT_OBJC_MSGSEND = YES;
				GCC_C_LANGUAGE_STANDARD = gnu11;
				GCC_NO_COMMON_BLOCKS = YES;
				GCC_WARN_64_TO_32_BIT_CONVERSION = YES;
				GCC_WARN_ABOUT_RETURN_TYPE = YES_ERROR;
				GCC_WARN_UNDECLARED_SELECTOR = YES;
				GCC_WARN_UNINITIALIZED_AUTOS = YES_AGGRESSIVE;
				GCC_WARN_UNUSED_FUNCTION = YES;
				GCC_WARN_UNUSED_VARIABLE = YES;
				IPHONEOS_DEPLOYMENT_TARGET = 15.5;
				MTL_ENABLE_DEBUG_INFO = NO;
				MTL_FAST_MATH = YES;
				SDKROOT = iphoneos;
				SWIFT_COMPILATION_MODE = wholemodule;
				SWIFT_OPTIMIZATION_LEVEL = "-O";
				VALIDATE_PRODUCT = YES;
			};
			name = Release;
		};
		EF8C4E49289A554A0062735C /* Debug */ = {
			isa = XCBuildConfiguration;
			buildSettings = {
				ASSETCATALOG_COMPILER_APPICON_NAME = AppIcon;
				ASSETCATALOG_COMPILER_GLOBAL_ACCENT_COLOR_NAME = AccentColor;
				CODE_SIGN_STYLE = Automatic;
				CURRENT_PROJECT_VERSION = 1;
				GENERATE_INFOPLIST_FILE = YES;
				INFOPLIST_FILE = LeBonCoingCopaing/Info.plist;
				INFOPLIST_KEY_UIApplicationSupportsIndirectInputEvents = YES;
				INFOPLIST_KEY_UILaunchStoryboardName = LaunchScreen;
				INFOPLIST_KEY_UIMainStoryboardFile = Main;
				INFOPLIST_KEY_UISupportedInterfaceOrientations_iPad = "UIInterfaceOrientationPortrait UIInterfaceOrientationPortraitUpsideDown UIInterfaceOrientationLandscapeLeft UIInterfaceOrientationLandscapeRight";
				INFOPLIST_KEY_UISupportedInterfaceOrientations_iPhone = "UIInterfaceOrientationPortrait UIInterfaceOrientationLandscapeLeft UIInterfaceOrientationLandscapeRight";
				LD_RUNPATH_SEARCH_PATHS = (
					"$(inherited)",
					"@executable_path/Frameworks",
				);
				MARKETING_VERSION = 1.0;
				PRODUCT_BUNDLE_IDENTIFIER = HelieDeBernis.LeBonCoingCopaing;
				PRODUCT_NAME = "$(TARGET_NAME)";
				SWIFT_EMIT_LOC_STRINGS = YES;
				SWIFT_VERSION = 5.0;
				TARGETED_DEVICE_FAMILY = "1,2";
			};
			name = Debug;
		};
		EF8C4E4A289A554A0062735C /* Release */ = {
			isa = XCBuildConfiguration;
			buildSettings = {
				ASSETCATALOG_COMPILER_APPICON_NAME = AppIcon;
				ASSETCATALOG_COMPILER_GLOBAL_ACCENT_COLOR_NAME = AccentColor;
				CODE_SIGN_STYLE = Automatic;
				CURRENT_PROJECT_VERSION = 1;
				GENERATE_INFOPLIST_FILE = YES;
				INFOPLIST_FILE = LeBonCoingCopaing/Info.plist;
				INFOPLIST_KEY_UIApplicationSupportsIndirectInputEvents = YES;
				INFOPLIST_KEY_UILaunchStoryboardName = LaunchScreen;
				INFOPLIST_KEY_UIMainStoryboardFile = Main;
				INFOPLIST_KEY_UISupportedInterfaceOrientations_iPad = "UIInterfaceOrientationPortrait UIInterfaceOrientationPortraitUpsideDown UIInterfaceOrientationLandscapeLeft UIInterfaceOrientationLandscapeRight";
				INFOPLIST_KEY_UISupportedInterfaceOrientations_iPhone = "UIInterfaceOrientationPortrait UIInterfaceOrientationLandscapeLeft UIInterfaceOrientationLandscapeRight";
				LD_RUNPATH_SEARCH_PATHS = (
					"$(inherited)",
					"@executable_path/Frameworks",
				);
				MARKETING_VERSION = 1.0;
				PRODUCT_BUNDLE_IDENTIFIER = HelieDeBernis.LeBonCoingCopaing;
				PRODUCT_NAME = "$(TARGET_NAME)";
				SWIFT_EMIT_LOC_STRINGS = YES;
				SWIFT_VERSION = 5.0;
				TARGETED_DEVICE_FAMILY = "1,2";
			};
			name = Release;
		};
		EF8C4E4C289A554A0062735C /* Debug */ = {
			isa = XCBuildConfiguration;
			buildSettings = {
				ALWAYS_EMBED_SWIFT_STANDARD_LIBRARIES = YES;
				BUNDLE_LOADER = "$(TEST_HOST)";
				CODE_SIGN_STYLE = Automatic;
				CURRENT_PROJECT_VERSION = 1;
				GENERATE_INFOPLIST_FILE = YES;
				IPHONEOS_DEPLOYMENT_TARGET = 15.5;
				MARKETING_VERSION = 1.0;
				PRODUCT_BUNDLE_IDENTIFIER = HelieDeBernis.LeBonCoingCopaingTests;
				PRODUCT_NAME = "$(TARGET_NAME)";
				SWIFT_EMIT_LOC_STRINGS = NO;
				SWIFT_VERSION = 5.0;
				TARGETED_DEVICE_FAMILY = "1,2";
				TEST_HOST = "$(BUILT_PRODUCTS_DIR)/LeBonCoingCopaing.app/LeBonCoingCopaing";
			};
			name = Debug;
		};
		EF8C4E4D289A554A0062735C /* Release */ = {
			isa = XCBuildConfiguration;
			buildSettings = {
				ALWAYS_EMBED_SWIFT_STANDARD_LIBRARIES = YES;
				BUNDLE_LOADER = "$(TEST_HOST)";
				CODE_SIGN_STYLE = Automatic;
				CURRENT_PROJECT_VERSION = 1;
				GENERATE_INFOPLIST_FILE = YES;
				IPHONEOS_DEPLOYMENT_TARGET = 15.5;
				MARKETING_VERSION = 1.0;
				PRODUCT_BUNDLE_IDENTIFIER = HelieDeBernis.LeBonCoingCopaingTests;
				PRODUCT_NAME = "$(TARGET_NAME)";
				SWIFT_EMIT_LOC_STRINGS = NO;
				SWIFT_VERSION = 5.0;
				TARGETED_DEVICE_FAMILY = "1,2";
				TEST_HOST = "$(BUILT_PRODUCTS_DIR)/LeBonCoingCopaing.app/LeBonCoingCopaing";
			};
			name = Release;
		};
		EF8C4E4F289A554A0062735C /* Debug */ = {
			isa = XCBuildConfiguration;
			buildSettings = {
				ALWAYS_EMBED_SWIFT_STANDARD_LIBRARIES = YES;
				CODE_SIGN_STYLE = Automatic;
				CURRENT_PROJECT_VERSION = 1;
				GENERATE_INFOPLIST_FILE = YES;
				MARKETING_VERSION = 1.0;
				PRODUCT_BUNDLE_IDENTIFIER = HelieDeBernis.LeBonCoingCopaingUITests;
				PRODUCT_NAME = "$(TARGET_NAME)";
				SWIFT_EMIT_LOC_STRINGS = NO;
				SWIFT_VERSION = 5.0;
				TARGETED_DEVICE_FAMILY = "1,2";
				TEST_TARGET_NAME = LeBonCoingCopaing;
			};
			name = Debug;
		};
		EF8C4E50289A554A0062735C /* Release */ = {
			isa = XCBuildConfiguration;
			buildSettings = {
				ALWAYS_EMBED_SWIFT_STANDARD_LIBRARIES = YES;
				CODE_SIGN_STYLE = Automatic;
				CURRENT_PROJECT_VERSION = 1;
				GENERATE_INFOPLIST_FILE = YES;
				MARKETING_VERSION = 1.0;
				PRODUCT_BUNDLE_IDENTIFIER = HelieDeBernis.LeBonCoingCopaingUITests;
				PRODUCT_NAME = "$(TARGET_NAME)";
				SWIFT_EMIT_LOC_STRINGS = NO;
				SWIFT_VERSION = 5.0;
				TARGETED_DEVICE_FAMILY = "1,2";
				TEST_TARGET_NAME = LeBonCoingCopaing;
			};
			name = Release;
		};
/* End XCBuildConfiguration section */

/* Begin XCConfigurationList section */
		EF8C4E16289A55480062735C /* Build configuration list for PBXProject "LeBonCoingCopaing" */ = {
			isa = XCConfigurationList;
			buildConfigurations = (
				EF8C4E46289A554A0062735C /* Debug */,
				EF8C4E47289A554A0062735C /* Release */,
			);
			defaultConfigurationIsVisible = 0;
			defaultConfigurationName = Release;
		};
		EF8C4E48289A554A0062735C /* Build configuration list for PBXNativeTarget "LeBonCoingCopaing" */ = {
			isa = XCConfigurationList;
			buildConfigurations = (
				EF8C4E49289A554A0062735C /* Debug */,
				EF8C4E4A289A554A0062735C /* Release */,
			);
			defaultConfigurationIsVisible = 0;
			defaultConfigurationName = Release;
		};
		EF8C4E4B289A554A0062735C /* Build configuration list for PBXNativeTarget "LeBonCoingCopaingTests" */ = {
			isa = XCConfigurationList;
			buildConfigurations = (
				EF8C4E4C289A554A0062735C /* Debug */,
				EF8C4E4D289A554A0062735C /* Release */,
			);
			defaultConfigurationIsVisible = 0;
			defaultConfigurationName = Release;
		};
		EF8C4E4E289A554A0062735C /* Build configuration list for PBXNativeTarget "LeBonCoingCopaingUITests" */ = {
			isa = XCConfigurationList;
			buildConfigurations = (
				EF8C4E4F289A554A0062735C /* Debug */,
				EF8C4E50289A554A0062735C /* Release */,
			);
			defaultConfigurationIsVisible = 0;
			defaultConfigurationName = Release;
		};
/* End XCConfigurationList section */

/* Begin XCVersionGroup section */
		EF8C4E27289A55480062735C /* LeBonCoingCopaing.xcdatamodeld */ = {
			isa = XCVersionGroup;
			children = (
				EF8C4E28289A55480062735C /* LeBonCoingCopaing.xcdatamodel */,
			);
			currentVersion = EF8C4E28289A55480062735C /* LeBonCoingCopaing.xcdatamodel */;
			path = LeBonCoingCopaing.xcdatamodeld;
			sourceTree = "<group>";
			versionGroupType = wrapper.xcdatamodel;
		};
/* End XCVersionGroup section */
	};
	rootObject = EF8C4E13289A55480062735C /* Project object */;
}
